PODS:
  - Alamofire (3.3.1)
  - FutureKit (1.2.5)
  - Kanna (1.0.6)
  - Nimble (4.0.1)

DEPENDENCIES:
  - Alamofire
  - FutureKit
  - Kanna
  - Nimble

SPEC CHECKSUMS:
  Alamofire: 369bc67b6f5ac33ded3648d7bd21c5bfb91c2ecc
  FutureKit: 48b6bb1c7a3c0a6059199202b2ceb0b84b0acf2b
  Kanna: 9f30945bbd293a609f698ea164687ccc0990ff60
  Nimble: 0f3c8b8b084cda391209c3c5efbb48bedeeb920a

COCOAPODS: 0.39.0
